
Microsoft Visual Studio Solution File, Format Version 12.00
# Visual Studio 2013
VisualStudioVersion = 12.0.31101.0
MinimumVisualStudioVersion = 10.0.40219.1
Project("{FAE04EC0-301F-11D3-BF4B-00C04F79EFBC}") = "Goblinary.ModelBuilder", "Goblinary.ModelBuilder\Goblinary.ModelBuilder.csproj", "{05D5A5CA-F8BE-437B-BA3F-57B8FA303288}"
EndProject
Project("{FAE04EC0-301F-11D3-BF4B-00C04F79EFBC}") = "Goblinary.Data", "..\Data\Goblinary.Data\Goblinary.Data.csproj", "{04E142A6-7831-4CAC-A1EA-DD4049205BF9}"
EndProject
Project("{FAE04EC0-301F-11D3-BF4B-00C04F79EFBC}") = "Goblinary.Data.SqlServer", "..\Data\Goblinary.Data.SqlServer\Goblinary.Data.SqlServer.csproj", "{D8436E54-4C59-469E-B63D-0A392537FA21}"
EndProject
Project("{FAE04EC0-301F-11D3-BF4B-00C04F79EFBC}") = "Goblinary.Model", "..\Model\Goblinary.Model\Goblinary.Model.csproj", "{D5B01CF5-5F74-4406-9567-12E8CD09D0B5}"
EndProject
Project("{FAE04EC0-301F-11D3-BF4B-00C04F79EFBC}") = "Goblinary.Common", "..\Common\Goblinary.Common\Goblinary.Common.csproj", "{693B2BE8-641D-4776-B47F-412E594169FD}"
EndProject
Global
	GlobalSection(TeamFoundationVersionControl) = preSolution
		SccNumberOfProjects = 6
		SccEnterpriseProvider = {4CA58AB2-18FA-4F8D-95D4-32DDF27D184C}
		SccTeamFoundationServer = https://goblinary.visualstudio.com/defaultcollection
		SccLocalPath0 = .
		SccProjectUniqueName1 = Goblinary.ModelBuilder\\Goblinary.ModelBuilder.csproj
		SccProjectName1 = Goblinary.ModelBuilder
		SccLocalPath1 = Goblinary.ModelBuilder
		SccProjectUniqueName2 = ..\\Data\\Goblinary.Data\\Goblinary.Data.csproj
		SccProjectName2 = ../Data/Goblinary.Data
		SccLocalPath2 = ..\\Data\\Goblinary.Data
		SccProjectUniqueName3 = ..\\Data\\Goblinary.Data.SqlServer\\Goblinary.Data.SqlServer.csproj
		SccProjectName3 = ../Data/Goblinary.Data.SqlServer
		SccLocalPath3 = ..\\Data\\Goblinary.Data.SqlServer
		SccProjectUniqueName4 = ..\\Model\\Goblinary.Model\\Goblinary.Model.csproj
		SccProjectName4 = ../Model/Goblinary.Model
		SccLocalPath4 = ..\\Model\\Goblinary.Model
		SccProjectUniqueName5 = ..\\Common\\Goblinary.Common\\Goblinary.Common.csproj
		SccProjectName5 = ../Common/Goblinary.Common
		SccLocalPath5 = ..\\Common\\Goblinary.Common
	EndGlobalSection
	GlobalSection(SolutionConfigurationPlatforms) = preSolution
		Alpha|Any CPU = Alpha|Any CPU
		Debug|Any CPU = Debug|Any CPU
		Release|Any CPU = Release|Any CPU
	EndGlobalSection
	GlobalSection(ProjectConfigurationPlatforms) = postSolution
		{05D5A5CA-F8BE-437B-BA3F-57B8FA303288}.Alpha|Any CPU.ActiveCfg = Release|Any CPU
		{05D5A5CA-F8BE-437B-BA3F-57B8FA303288}.Alpha|Any CPU.Build.0 = Release|Any CPU
		{05D5A5CA-F8BE-437B-BA3F-57B8FA303288}.Debug|Any CPU.ActiveCfg = Debug|Any CPU
		{05D5A5CA-F8BE-437B-BA3F-57B8FA303288}.Debug|Any CPU.Build.0 = Debug|Any CPU
		{05D5A5CA-F8BE-437B-BA3F-57B8FA303288}.Release|Any CPU.ActiveCfg = Release|Any CPU
		{05D5A5CA-F8BE-437B-BA3F-57B8FA303288}.Release|Any CPU.Build.0 = Release|Any CPU
		{04E142A6-7831-4CAC-A1EA-DD4049205BF9}.Alpha|Any CPU.ActiveCfg = Release|Any CPU
		{04E142A6-7831-4CAC-A1EA-DD4049205BF9}.Alpha|Any CPU.Build.0 = Release|Any CPU
		{04E142A6-7831-4CAC-A1EA-DD4049205BF9}.Debug|Any CPU.ActiveCfg = Debug|Any CPU
		{04E142A6-7831-4CAC-A1EA-DD4049205BF9}.Debug|Any CPU.Build.0 = Debug|Any CPU
		{04E142A6-7831-4CAC-A1EA-DD4049205BF9}.Release|Any CPU.ActiveCfg = Release|Any CPU
		{04E142A6-7831-4CAC-A1EA-DD4049205BF9}.Release|Any CPU.Build.0 = Release|Any CPU
		{D8436E54-4C59-469E-B63D-0A392537FA21}.Alpha|Any CPU.ActiveCfg = Release|Any CPU
		{D8436E54-4C59-469E-B63D-0A392537FA21}.Alpha|Any CPU.Build.0 = Release|Any CPU
		{D8436E54-4C59-469E-B63D-0A392537FA21}.Debug|Any CPU.ActiveCfg = Debug|Any CPU
		{D8436E54-4C59-469E-B63D-0A392537FA21}.Debug|Any CPU.Build.0 = Debug|Any CPU
		{D8436E54-4C59-469E-B63D-0A392537FA21}.Release|Any CPU.ActiveCfg = Release|Any CPU
		{D8436E54-4C59-469E-B63D-0A392537FA21}.Release|Any CPU.Build.0 = Release|Any CPU
		{D5B01CF5-5F74-4406-9567-12E8CD09D0B5}.Alpha|Any CPU.ActiveCfg = Release|Any CPU
		{D5B01CF5-5F74-4406-9567-12E8CD09D0B5}.Alpha|Any CPU.Build.0 = Release|Any CPU
		{D5B01CF5-5F74-4406-9567-12E8CD09D0B5}.Debug|Any CPU.ActiveCfg = Debug|Any CPU
		{D5B01CF5-5F74-4406-9567-12E8CD09D0B5}.Debug|Any CPU.Build.0 = Debug|Any CPU
		{D5B01CF5-5F74-4406-9567-12E8CD09D0B5}.Release|Any CPU.ActiveCfg = Release|Any CPU
		{D5B01CF5-5F74-4406-9567-12E8CD09D0B5}.Release|Any CPU.Build.0 = Release|Any CPU
		{693B2BE8-641D-4776-B47F-412E594169FD}.Alpha|Any CPU.ActiveCfg = Release|Any CPU
		{693B2BE8-641D-4776-B47F-412E594169FD}.Alpha|Any CPU.Build.0 = Release|Any CPU
		{693B2BE8-641D-4776-B47F-412E594169FD}.Debug|Any CPU.ActiveCfg = Debug|Any CPU
		{693B2BE8-641D-4776-B47F-412E594169FD}.Debug|Any CPU.Build.0 = Debug|Any CPU
		{693B2BE8-641D-4776-B47F-412E594169FD}.Release|Any CPU.ActiveCfg = Release|Any CPU
		{693B2BE8-641D-4776-B47F-412E594169FD}.Release|Any CPU.Build.0 = Release|Any CPU
	EndGlobalSection
	GlobalSection(SolutionProperties) = preSolution
		HideSolutionNode = FALSE
	EndGlobalSection
EndGlobal
