
Microsoft Visual Studio Solution File, Format Version 12.00
# Visual Studio 2013
VisualStudioVersion = 12.0.31101.0
MinimumVisualStudioVersion = 10.0.40219.1
Project("{FAE04EC0-301F-11D3-BF4B-00C04F79EFBC}") = "RegexTester", "RegexTester\RegexTester.csproj", "{6F1EDD4A-A8C6-434D-9832-B06637607D6A}"
EndProject
Global
	GlobalSection(TeamFoundationVersionControl) = preSolution
		SccNumberOfProjects = 2
		SccEnterpriseProvider = {4CA58AB2-18FA-4F8D-95D4-32DDF27D184C}
		SccTeamFoundationServer = https://goblinary.visualstudio.com/defaultcollection
		SccLocalPath0 = .
		SccProjectUniqueName1 = RegexTester\\RegexTester.csproj
		SccProjectName1 = RegexTester
		SccLocalPath1 = RegexTester
	EndGlobalSection
	GlobalSection(SolutionConfigurationPlatforms) = preSolution
		Debug|Any CPU = Debug|Any CPU
		Release|Any CPU = Release|Any CPU
	EndGlobalSection
	GlobalSection(ProjectConfigurationPlatforms) = postSolution
		{6F1EDD4A-A8C6-434D-9832-B06637607D6A}.Debug|Any CPU.ActiveCfg = Debug|Any CPU
		{6F1EDD4A-A8C6-434D-9832-B06637607D6A}.Debug|Any CPU.Build.0 = Debug|Any CPU
		{6F1EDD4A-A8C6-434D-9832-B06637607D6A}.Release|Any CPU.ActiveCfg = Release|Any CPU
		{6F1EDD4A-A8C6-434D-9832-B06637607D6A}.Release|Any CPU.Build.0 = Release|Any CPU
	EndGlobalSection
	GlobalSection(SolutionProperties) = preSolution
		HideSolutionNode = FALSE
	EndGlobalSection
EndGlobal
