
Microsoft Visual Studio Solution File, Format Version 12.00
# Visual Studio 2013
VisualStudioVersion = 12.0.31101.0
MinimumVisualStudioVersion = 10.0.40219.1
Project("{FAE04EC0-301F-11D3-BF4B-00C04F79EFBC}") = "Goblinary.Testing.Inventory", "Goblinary.Testing.Inventory\Goblinary.Testing.Inventory.csproj", "{BE37951B-1AB7-47C4-A861-6BA90BB93A6C}"
EndProject
Project("{FAE04EC0-301F-11D3-BF4B-00C04F79EFBC}") = "Goblinary.WikiData.Model", "..\..\WikiData\Goblinary.WikiData.Model\Goblinary.WikiData.Model.csproj", "{C707F889-556C-4BBB-BCBB-813AF2ECF707}"
EndProject
Project("{FAE04EC0-301F-11D3-BF4B-00C04F79EFBC}") = "Goblinary.WikiData.SqlServer", "..\..\WikiData\Goblinary.WikiData.SqlServer\Goblinary.WikiData.SqlServer.csproj", "{FD3FBD4D-4261-48FF-BDD1-5B9A8D0FB4F6}"
EndProject
Global
	GlobalSection(TeamFoundationVersionControl) = preSolution
		SccNumberOfProjects = 4
		SccEnterpriseProvider = {4CA58AB2-18FA-4F8D-95D4-32DDF27D184C}
		SccTeamFoundationServer = https://goblinary.visualstudio.com/defaultcollection
		SccLocalPath0 = .
		SccProjectUniqueName1 = Goblinary.Testing.Inventory\\Goblinary.Testing.Inventory.csproj
		SccProjectName1 = Goblinary.Testing.Inventory
		SccLocalPath1 = Goblinary.Testing.Inventory
		SccProjectUniqueName2 = ..\\..\\WikiData\\Goblinary.WikiData.Model\\Goblinary.WikiData.Model.csproj
		SccProjectName2 = ../../WikiData/Goblinary.WikiData.Model
		SccLocalPath2 = ..\\..\\WikiData\\Goblinary.WikiData.Model
		SccProjectUniqueName3 = ..\\..\\WikiData\\Goblinary.WikiData.SqlServer\\Goblinary.WikiData.SqlServer.csproj
		SccProjectName3 = ../../WikiData/Goblinary.WikiData.SqlServer
		SccLocalPath3 = ..\\..\\WikiData\\Goblinary.WikiData.SqlServer
	EndGlobalSection
	GlobalSection(SolutionConfigurationPlatforms) = preSolution
		Alpha|Any CPU = Alpha|Any CPU
		Debug|Any CPU = Debug|Any CPU
		Release|Any CPU = Release|Any CPU
	EndGlobalSection
	GlobalSection(ProjectConfigurationPlatforms) = postSolution
		{BE37951B-1AB7-47C4-A861-6BA90BB93A6C}.Alpha|Any CPU.ActiveCfg = Release|Any CPU
		{BE37951B-1AB7-47C4-A861-6BA90BB93A6C}.Alpha|Any CPU.Build.0 = Release|Any CPU
		{BE37951B-1AB7-47C4-A861-6BA90BB93A6C}.Debug|Any CPU.ActiveCfg = Debug|Any CPU
		{BE37951B-1AB7-47C4-A861-6BA90BB93A6C}.Debug|Any CPU.Build.0 = Debug|Any CPU
		{BE37951B-1AB7-47C4-A861-6BA90BB93A6C}.Release|Any CPU.ActiveCfg = Release|Any CPU
		{BE37951B-1AB7-47C4-A861-6BA90BB93A6C}.Release|Any CPU.Build.0 = Release|Any CPU
		{C707F889-556C-4BBB-BCBB-813AF2ECF707}.Alpha|Any CPU.ActiveCfg = Alpha|Any CPU
		{C707F889-556C-4BBB-BCBB-813AF2ECF707}.Alpha|Any CPU.Build.0 = Alpha|Any CPU
		{C707F889-556C-4BBB-BCBB-813AF2ECF707}.Debug|Any CPU.ActiveCfg = Debug|Any CPU
		{C707F889-556C-4BBB-BCBB-813AF2ECF707}.Debug|Any CPU.Build.0 = Debug|Any CPU
		{C707F889-556C-4BBB-BCBB-813AF2ECF707}.Release|Any CPU.ActiveCfg = Release|Any CPU
		{C707F889-556C-4BBB-BCBB-813AF2ECF707}.Release|Any CPU.Build.0 = Release|Any CPU
		{FD3FBD4D-4261-48FF-BDD1-5B9A8D0FB4F6}.Alpha|Any CPU.ActiveCfg = Release|Any CPU
		{FD3FBD4D-4261-48FF-BDD1-5B9A8D0FB4F6}.Alpha|Any CPU.Build.0 = Release|Any CPU
		{FD3FBD4D-4261-48FF-BDD1-5B9A8D0FB4F6}.Debug|Any CPU.ActiveCfg = Debug|Any CPU
		{FD3FBD4D-4261-48FF-BDD1-5B9A8D0FB4F6}.Debug|Any CPU.Build.0 = Debug|Any CPU
		{FD3FBD4D-4261-48FF-BDD1-5B9A8D0FB4F6}.Release|Any CPU.ActiveCfg = Release|Any CPU
		{FD3FBD4D-4261-48FF-BDD1-5B9A8D0FB4F6}.Release|Any CPU.Build.0 = Release|Any CPU
	EndGlobalSection
	GlobalSection(SolutionProperties) = preSolution
		HideSolutionNode = FALSE
	EndGlobalSection
EndGlobal
