
Microsoft Visual Studio Solution File, Format Version 12.00
# Visual Studio 2013
VisualStudioVersion = 12.0.31101.0
MinimumVisualStudioVersion = 10.0.40219.1
Project("{FAE04EC0-301F-11D3-BF4B-00C04F79EFBC}") = "Goblinary.TreeGenerator", "Goblinary.TreeGenerator\Goblinary.TreeGenerator.csproj", "{32E6B1C5-E785-4AB3-9C3E-E5B26E16EA79}"
EndProject
Global
	GlobalSection(TeamFoundationVersionControl) = preSolution
		SccNumberOfProjects = 2
		SccEnterpriseProvider = {4CA58AB2-18FA-4F8D-95D4-32DDF27D184C}
		SccTeamFoundationServer = https://goblinary.visualstudio.com/defaultcollection
		SccLocalPath0 = .
		SccProjectUniqueName1 = Goblinary.TreeGenerator\\Goblinary.TreeGenerator.csproj
		SccProjectName1 = Goblinary.TreeGenerator
		SccLocalPath1 = Goblinary.TreeGenerator
	EndGlobalSection
	GlobalSection(SolutionConfigurationPlatforms) = preSolution
		Debug|Any CPU = Debug|Any CPU
		Release|Any CPU = Release|Any CPU
	EndGlobalSection
	GlobalSection(ProjectConfigurationPlatforms) = postSolution
		{32E6B1C5-E785-4AB3-9C3E-E5B26E16EA79}.Debug|Any CPU.ActiveCfg = Debug|Any CPU
		{32E6B1C5-E785-4AB3-9C3E-E5B26E16EA79}.Debug|Any CPU.Build.0 = Debug|Any CPU
		{32E6B1C5-E785-4AB3-9C3E-E5B26E16EA79}.Release|Any CPU.ActiveCfg = Release|Any CPU
		{32E6B1C5-E785-4AB3-9C3E-E5B26E16EA79}.Release|Any CPU.Build.0 = Release|Any CPU
	EndGlobalSection
	GlobalSection(SolutionProperties) = preSolution
		HideSolutionNode = FALSE
	EndGlobalSection
EndGlobal
