
Microsoft Visual Studio Solution File, Format Version 12.00
# Visual Studio 2013
VisualStudioVersion = 12.0.31101.0
MinimumVisualStudioVersion = 10.0.40219.1
Project("{FAE04EC0-301F-11D3-BF4B-00C04F79EFBC}") = "Goblinary.Web", "Goblinary.Web\Goblinary.Web.csproj", "{875D9C47-AD4A-4F62-9CB4-F3E05C467FD3}"
EndProject
Global
	GlobalSection(TeamFoundationVersionControl) = preSolution
		SccNumberOfProjects = 2
		SccEnterpriseProvider = {4CA58AB2-18FA-4F8D-95D4-32DDF27D184C}
		SccTeamFoundationServer = https://goblinary.visualstudio.com/defaultcollection
		SccLocalPath0 = .
		SccProjectUniqueName1 = Goblinary.Web\\Goblinary.Web.csproj
		SccProjectName1 = Goblinary.Web
		SccLocalPath1 = Goblinary.Web
	EndGlobalSection
	GlobalSection(SolutionConfigurationPlatforms) = preSolution
		Debug|Any CPU = Debug|Any CPU
		Release|Any CPU = Release|Any CPU
	EndGlobalSection
	GlobalSection(ProjectConfigurationPlatforms) = postSolution
		{875D9C47-AD4A-4F62-9CB4-F3E05C467FD3}.Debug|Any CPU.ActiveCfg = Debug|Any CPU
		{875D9C47-AD4A-4F62-9CB4-F3E05C467FD3}.Debug|Any CPU.Build.0 = Debug|Any CPU
		{875D9C47-AD4A-4F62-9CB4-F3E05C467FD3}.Release|Any CPU.ActiveCfg = Release|Any CPU
		{875D9C47-AD4A-4F62-9CB4-F3E05C467FD3}.Release|Any CPU.Build.0 = Release|Any CPU
	EndGlobalSection
	GlobalSection(SolutionProperties) = preSolution
		HideSolutionNode = FALSE
	EndGlobalSection
EndGlobal
